{
  "lockfileVersion": 1,
  "facets": {
    "say-hello": {
      "source": "file:./tmp",
      "version": "0.0.0",
      "integrity": "sha256:b4b84d4fa356167e065e72e3526080272b79cfdbb08aae9b3dfcc1adba50a8b1",
      "assets": [
        {
          "scope": "project",
          "type": "command",
          "name": "say-hello"
        }
      ]
    }
  }
}
