{
  "lockfileVersion": 1,
  "facets": {
    "@julian/address-pr-feedback": {
      "source": {
        "kind": "registry",
        "registry": "https://api.facet.cafe"
      },
      "version": "0.2.0",
      "integrity": "sha256:85645173867ed685a5d0aa3965390246ac1c99c87c655622766307b43398234a",
      "assets": [
        {
          "scope": "project",
          "type": "skill",
          "name": "address-pr-feedback-rules"
        },
        {
          "scope": "project",
          "type": "agent",
          "name": "address-pr-feedback"
        },
        {
          "scope": "project",
          "type": "command",
          "name": "address-pr-feedback"
        }
      ]
    },
    "@julian/openspec-adversary": {
      "source": {
        "kind": "registry",
        "registry": "https://api.facet.cafe"
      },
      "version": "3.1.2",
      "integrity": "sha256:af8c255844d9e24d4603de468b94e50de3712e37c7c0f758883f580619e26714",
      "assets": [
        {
          "scope": "project",
          "type": "skill",
          "name": "openspec-adversary-author"
        },
        {
          "scope": "project",
          "type": "skill",
          "name": "openspec-adversary-compare"
        },
        {
          "scope": "project",
          "type": "skill",
          "name": "openspec-adversary-reconcile"
        },
        {
          "scope": "project",
          "type": "skill",
          "name": "openspec-adversary-run"
        },
        {
          "scope": "project",
          "type": "agent",
          "name": "openspec-adversary"
        },
        {
          "scope": "project",
          "type": "command",
          "name": "reconcile-adversary"
        },
        {
          "scope": "project",
          "type": "command",
          "name": "run-adversary"
        },
        {
          "scope": "project",
          "type": "command",
          "name": "run-inline-adversary"
        }
      ]
    },
    "@julian/review-openspec-design": {
      "source": {
        "kind": "registry",
        "registry": "https://api.facet.cafe"
      },
      "version": "1.1.0",
      "integrity": "sha256:a413dd26cdedc41f658e1dc8c0d86e02ac2d174bc386e78bd3718732f6c80e89",
      "assets": [
        {
          "scope": "project",
          "type": "skill",
          "name": "openspec-design-review-rules"
        },
        {
          "scope": "project",
          "type": "command",
          "name": "review-openspec-design"
        }
      ]
    },
    "cowsay": {
      "source": {
        "kind": "registry",
        "registry": "https://api.facet.cafe"
      },
      "version": "0.2.0",
      "integrity": "sha256:a7130eec60c10e9cede541fb0433e79c26f9a8294eb686ca220dac6b9e7956d8",
      "assets": [
        {
          "scope": "project",
          "type": "skill",
          "name": "cowsay-rules"
        },
        {
          "scope": "project",
          "type": "agent",
          "name": "cowsay"
        },
        {
          "scope": "project",
          "type": "command",
          "name": "cowchat"
        },
        {
          "scope": "project",
          "type": "command",
          "name": "cowsay"
        }
      ]
    },
    "viper-plans": {
      "source": {
        "kind": "registry",
        "registry": "https://api.facet.cafe"
      },
      "version": "0.2.1",
      "integrity": "sha256:e15446f622365222d68eb8e94b3d628adff1b94c11f06c0b04c15f105807df26",
      "assets": [
        {
          "scope": "project",
          "type": "skill",
          "name": "viper-execution-rules"
        },
        {
          "scope": "project",
          "type": "skill",
          "name": "viper-planning"
        },
        {
          "scope": "project",
          "type": "command",
          "name": "viper-continue"
        },
        {
          "scope": "project",
          "type": "command",
          "name": "viper-plan"
        },
        {
          "scope": "project",
          "type": "command",
          "name": "viper-run"
        }
      ]
    }
  }
}
