{
  "lockfileVersion": 1,
  "facets": {
    "@agentfacets/address-pr-feedback": {
      "source": {
        "kind": "registry",
        "registry": "https://api.agentfacets.io"
      },
      "version": "1.0.0",
      "integrity": "sha256:ed944fd6249d1eb4b1050d6ba1b8bc212136222c2ab2c498032eed2abf0e2360",
      "assets": [
        {
          "scope": "project",
          "type": "skill",
          "name": "address-pr-feedback-rules"
        },
        {
          "scope": "project",
          "type": "agent",
          "name": "address-pr-feedback"
        },
        {
          "scope": "project",
          "type": "command",
          "name": "address-pr-feedback"
        }
      ]
    },
    "@agentfacets/openspec-adversary": {
      "source": {
        "kind": "registry",
        "registry": "https://api.agentfacets.io"
      },
      "version": "1.0.0",
      "integrity": "sha256:124f6045f8959d69f9a7116d342a799094bc03fc638c76cab536f9db803d4a94",
      "assets": [
        {
          "scope": "project",
          "type": "skill",
          "name": "openspec-adversary-author"
        },
        {
          "scope": "project",
          "type": "skill",
          "name": "openspec-adversary-compare"
        },
        {
          "scope": "project",
          "type": "skill",
          "name": "openspec-adversary-reconcile"
        },
        {
          "scope": "project",
          "type": "skill",
          "name": "openspec-adversary-run"
        },
        {
          "scope": "project",
          "type": "agent",
          "name": "openspec-adversary"
        },
        {
          "scope": "project",
          "type": "command",
          "name": "reconcile-adversary"
        },
        {
          "scope": "project",
          "type": "command",
          "name": "run-adversary"
        },
        {
          "scope": "project",
          "type": "command",
          "name": "run-inline-adversary"
        }
      ]
    },
    "@agentfacets/review-openspec-design": {
      "source": {
        "kind": "registry",
        "registry": "https://api.agentfacets.io"
      },
      "version": "1.0.0",
      "integrity": "sha256:d9905f6076c5c454e9d563980eda52c5a9ceb9e761003f9c454e362cd56efd61",
      "assets": [
        {
          "scope": "project",
          "type": "skill",
          "name": "openspec-design-review-rules"
        },
        {
          "scope": "project",
          "type": "command",
          "name": "review-openspec-design"
        }
      ]
    },
    "cowsay": {
      "source": {
        "kind": "registry",
        "registry": "https://api.agentfacets.io"
      },
      "version": "1.0.0",
      "integrity": "sha256:70fe8f9f0ba16132c70826d1cda70af9f0b4e63f3394178d2d5b4c374c833818",
      "assets": [
        {
          "scope": "project",
          "type": "skill",
          "name": "cowsay-rules"
        },
        {
          "scope": "project",
          "type": "agent",
          "name": "cowsay"
        },
        {
          "scope": "project",
          "type": "command",
          "name": "cowchat"
        },
        {
          "scope": "project",
          "type": "command",
          "name": "cowsay"
        }
      ]
    },
    "viper-plans": {
      "source": {
        "kind": "registry",
        "registry": "https://api.agentfacets.io"
      },
      "version": "1.0.0",
      "integrity": "sha256:d745129217896c754f60f62088a792042d9867151279d7b7fe55a7493cc73ebb",
      "assets": [
        {
          "scope": "project",
          "type": "skill",
          "name": "viper-execution-rules"
        },
        {
          "scope": "project",
          "type": "skill",
          "name": "viper-planning"
        },
        {
          "scope": "project",
          "type": "command",
          "name": "viper-continue"
        },
        {
          "scope": "project",
          "type": "command",
          "name": "viper-plan"
        },
        {
          "scope": "project",
          "type": "command",
          "name": "viper-run"
        }
      ]
    }
  }
}
